
Microsoft Visual Studio Solution File, Format Version 9.00
# Visual C++ Express 2005
Project("{8BC9CEB8-8B4A-11D0-8D11-00A0C91BC942}") = "pipes", "pipes.vcproj", "{0807FD4E-A5EC-4B09-80E9-D92B5A530193}"
EndProject
Global
	GlobalSection(SolutionConfigurationPlatforms) = preSolution
		Debug|Win32 = Debug|Win32
		Release|Win32 = Release|Win32
	EndGlobalSection
	GlobalSection(ProjectConfigurationPlatforms) = postSolution
		{0807FD4E-A5EC-4B09-80E9-D92B5A530193}.Debug|Win32.ActiveCfg = Debug|Win32
		{0807FD4E-A5EC-4B09-80E9-D92B5A530193}.Debug|Win32.Build.0 = Debug|Win32
		{0807FD4E-A5EC-4B09-80E9-D92B5A530193}.Release|Win32.ActiveCfg = Release|Win32
		{0807FD4E-A5EC-4B09-80E9-D92B5A530193}.Release|Win32.Build.0 = Release|Win32
	EndGlobalSection
	GlobalSection(SolutionProperties) = preSolution
		HideSolutionNode = FALSE
	EndGlobalSection
EndGlobal
